// !$*UTF8*$!
{
	archiveVersion = 1;
	classes = {
	};
	objectVersion = 50;
	objects = {

/* Begin PBXBuildFile section */
		99EA0C8120FE8E6000B5824B /* AppDelegate.swift in Sources */ = {isa = PBXBuildFile; fileRef = 99EA0C8020FE8E6000B5824B /* AppDelegate.swift */; };
		99EA0C8320FE8E6000B5824B /* ViewController.swift in Sources */ = {isa = PBXBuildFile; fileRef = 99EA0C8220FE8E6000B5824B /* ViewController.swift */; };
		99EA0C8620FE8E6000B5824B /* Main.storyboard in Resources */ = {isa = PBXBuildFile; fileRef = 99EA0C8420FE8E6000B5824B /* Main.storyboard */; };
		99EA0C8820FE8E6400B5824B /* Assets.xcassets in Resources */ = {isa = PBXBuildFile; fileRef = 99EA0C8720FE8E6400B5824B /* Assets.xcassets */; };
		99EA0C8B20FE8E6400B5824B /* LaunchScreen.storyboard in Resources */ = {isa = PBXBuildFile; fileRef = 99EA0C8920FE8E6400B5824B /* LaunchScreen.storyboard */; };
		99EA0C9620FE8E6400B5824B /* GreenthingCollectionViewTests.swift in Sources */ = {isa = PBXBuildFile; fileRef = 99EA0C9520FE8E6400B5824B /* GreenthingCollectionViewTests.swift */; };
		99EA0CA120FE8E6400B5824B /* GreenthingCollectionViewUITests.swift in Sources */ = {isa = PBXBuildFile; fileRef = 99EA0CA020FE8E6400B5824B /* GreenthingCollectionViewUITests.swift */; };
		99EA0CAF20FE8E6D00B5824B /* GreenThingLayout.swift in Sources */ = {isa = PBXBuildFile; fileRef = 99EA0CAE20FE8E6D00B5824B /* GreenThingLayout.swift */; };
/* End PBXBuildFile section */

/* Begin PBXContainerItemProxy section */
		99EA0C9220FE8E6400B5824B /* PBXContainerItemProxy */ = {
			isa = PBXContainerItemProxy;
			containerPortal = 99EA0C7520FE8E6000B5824B /* Project object */;
			proxyType = 1;
			remoteGlobalIDString = 99EA0C7C20FE8E6000B5824B;
			remoteInfo = GreenthingCollectionView;
		};
		99EA0C9D20FE8E6400B5824B /* PBXContainerItemProxy */ = {
			isa = PBXContainerItemProxy;
			containerPortal = 99EA0C7520FE8E6000B5824B /* Project object */;
			proxyType = 1;
			remoteGlobalIDString = 99EA0C7C20FE8E6000B5824B;
			remoteInfo = GreenthingCollectionView;
		};
/* End PBXContainerItemProxy section */

/* Begin PBXFileReference section */
		99EA0C7D20FE8E6000B5824B /* GreenthingCollectionView.app */ = {isa = PBXFileReference; explicitFileType = wrapper.application; includeInIndex = 0; path = GreenthingCollectionView.app; sourceTree = BUILT_PRODUCTS_DIR; };
		99EA0C8020FE8E6000B5824B /* AppDelegate.swift */ = {isa = PBXFileReference; lastKnownFileType = sourcecode.swift; path = AppDelegate.swift; sourceTree = "<group>"; };
		99EA0C8220FE8E6000B5824B /* ViewController.swift */ = {isa = PBXFileReference; lastKnownFileType = sourcecode.swift; path = ViewController.swift; sourceTree = "<group>"; };
		99EA0C8520FE8E6000B5824B /* Base */ = {isa = PBXFileReference; lastKnownFileType = file.storyboard; name = Base; path = Base.lproj/Main.storyboard; sourceTree = "<group>"; };
		99EA0C8720FE8E6400B5824B /* Assets.xcassets */ = {isa = PBXFileReference; lastKnownFileType = folder.assetcatalog; path = Assets.xcassets; sourceTree = "<group>"; };
		99EA0C8A20FE8E6400B5824B /* Base */ = {isa = PBXFileReference; lastKnownFileType = file.storyboard; name = Base; path = Base.lproj/LaunchScreen.storyboard; sourceTree = "<group>"; };
		99EA0C8C20FE8E6400B5824B /* Info.plist */ = {isa = PBXFileReference; lastKnownFileType = text.plist.xml; path = Info.plist; sourceTree = "<group>"; };
		99EA0C9120FE8E6400B5824B /* GreenthingCollectionViewTests.xctest */ = {isa = PBXFileReference; explicitFileType = wrapper.cfbundle; includeInIndex = 0; path = GreenthingCollectionViewTests.xctest; sourceTree = BUILT_PRODUCTS_DIR; };
		99EA0C9520FE8E6400B5824B /* GreenthingCollectionViewTests.swift */ = {isa = PBXFileReference; lastKnownFileType = sourcecode.swift; path = GreenthingCollectionViewTests.swift; sourceTree = "<group>"; };
		99EA0C9720FE8E6400B5824B /* Info.plist */ = {isa = PBXFileReference; lastKnownFileType = text.plist.xml; path = Info.plist; sourceTree = "<group>"; };
		99EA0C9C20FE8E6400B5824B /* GreenthingCollectionViewUITests.xctest */ = {isa = PBXFileReference; explicitFileType = wrapper.cfbundle; includeInIndex = 0; path = GreenthingCollectionViewUITests.xctest; sourceTree = BUILT_PRODUCTS_DIR; };
		99EA0CA020FE8E6400B5824B /* GreenthingCollectionViewUITests.swift */ = {isa = PBXFileReference; lastKnownFileType = sourcecode.swift; path = GreenthingCollectionViewUITests.swift; sourceTree = "<group>"; };
		99EA0CA220FE8E6400B5824B /* Info.plist */ = {isa = PBXFileReference; lastKnownFileType = text.plist.xml; path = Info.plist; sourceTree = "<group>"; };
		99EA0CAE20FE8E6D00B5824B /* GreenThingLayout.swift */ = {isa = PBXFileReference; lastKnownFileType = sourcecode.swift; path = GreenThingLayout.swift; sourceTree = "<group>"; };
/* End PBXFileReference section */

/* Begin PBXFrameworksBuildPhase section */
		99EA0C7A20FE8E6000B5824B /* Frameworks */ = {
			isa = PBXFrameworksBuildPhase;
			buildActionMask = 2147483647;
			files = (
			);
			runOnlyForDeploymentPostprocessing = 0;
		};
		99EA0C8E20FE8E6400B5824B /* Frameworks */ = {
			isa = PBXFrameworksBuildPhase;
			buildActionMask = 2147483647;
			files = (
			);
			runOnlyForDeploymentPostprocessing = 0;
		};
		99EA0C9920FE8E6400B5824B /* Frameworks */ = {
			isa = PBXFrameworksBuildPhase;
			buildActionMask = 2147483647;
			files = (
			);
			runOnlyForDeploymentPostprocessing = 0;
		};
/* End PBXFrameworksBuildPhase section */

/* Begin PBXGroup section */
		99EA0C7420FE8E6000B5824B = {
			isa = PBXGroup;
			children = (
				99EA0C7F20FE8E6000B5824B /* GreenthingCollectionView */,
				99EA0C9420FE8E6400B5824B /* GreenthingCollectionViewTests */,
				99EA0C9F20FE8E6400B5824B /* GreenthingCollectionViewUITests */,
				99EA0C7E20FE8E6000B5824B /* Products */,
			);
			sourceTree = "<group>";
		};
		99EA0C7E20FE8E6000B5824B /* Products */ = {
			isa = PBXGroup;
			children = (
				99EA0C7D20FE8E6000B5824B /* GreenthingCollectionView.app */,
				99EA0C9120FE8E6400B5824B /* GreenthingCollectionViewTests.xctest */,
				99EA0C9C20FE8E6400B5824B /* GreenthingCollectionViewUITests.xctest */,
			);
			name = Products;
			sourceTree = "<group>";
		};
		99EA0C7F20FE8E6000B5824B /* GreenthingCollectionView */ = {
			isa = PBXGroup;
			children = (
				99EA0C8020FE8E6000B5824B /* AppDelegate.swift */,
				99EA0C8220FE8E6000B5824B /* ViewController.swift */,
				99EA0CAE20FE8E6D00B5824B /* GreenThingLayout.swift */,
				99EA0C8420FE8E6000B5824B /* Main.storyboard */,
				99EA0C8720FE8E6400B5824B /* Assets.xcassets */,
				99EA0C8920FE8E6400B5824B /* LaunchScreen.storyboard */,
				99EA0C8C20FE8E6400B5824B /* Info.plist */,
			);
			path = GreenthingCollectionView;
			sourceTree = "<group>";
		};
		99EA0C9420FE8E6400B5824B /* GreenthingCollectionViewTests */ = {
			isa = PBXGroup;
			children = (
				99EA0C9520FE8E6400B5824B /* GreenthingCollectionViewTests.swift */,
				99EA0C9720FE8E6400B5824B /* Info.plist */,
			);
			path = GreenthingCollectionViewTests;
			sourceTree = "<group>";
		};
		99EA0C9F20FE8E6400B5824B /* GreenthingCollectionViewUITests */ = {
			isa = PBXGroup;
			children = (
				99EA0CA020FE8E6400B5824B /* GreenthingCollectionViewUITests.swift */,
				99EA0CA220FE8E6400B5824B /* Info.plist */,
			);
			path = GreenthingCollectionViewUITests;
			sourceTree = "<group>";
		};
/* End PBXGroup section */

/* Begin PBXNativeTarget section */
		99EA0C7C20FE8E6000B5824B /* GreenthingCollectionView */ = {
			isa = PBXNativeTarget;
			buildConfigurationList = 99EA0CA520FE8E6400B5824B /* Build configuration list for PBXNativeTarget "GreenthingCollectionView" */;
			buildPhases = (
				99EA0C7920FE8E6000B5824B /* Sources */,
				99EA0C7A20FE8E6000B5824B /* Frameworks */,
				99EA0C7B20FE8E6000B5824B /* Resources */,
			);
			buildRules = (
			);
			dependencies = (
			);
			name = GreenthingCollectionView;
			productName = GreenthingCollectionView;
			productReference = 99EA0C7D20FE8E6000B5824B /* GreenthingCollectionView.app */;
			productType = "com.apple.product-type.application";
		};
		99EA0C9020FE8E6400B5824B /* GreenthingCollectionViewTests */ = {
			isa = PBXNativeTarget;
			buildConfigurationList = 99EA0CA820FE8E6400B5824B /* Build configuration list for PBXNativeTarget "GreenthingCollectionViewTests" */;
			buildPhases = (
				99EA0C8D20FE8E6400B5824B /* Sources */,
				99EA0C8E20FE8E6400B5824B /* Frameworks */,
				99EA0C8F20FE8E6400B5824B /* Resources */,
			);
			buildRules = (
			);
			dependencies = (
				99EA0C9320FE8E6400B5824B /* PBXTargetDependency */,
			);
			name = GreenthingCollectionViewTests;
			productName = GreenthingCollectionViewTests;
			productReference = 99EA0C9120FE8E6400B5824B /* GreenthingCollectionViewTests.xctest */;
			productType = "com.apple.product-type.bundle.unit-test";
		};
		99EA0C9B20FE8E6400B5824B /* GreenthingCollectionViewUITests */ = {
			isa = PBXNativeTarget;
			buildConfigurationList = 99EA0CAB20FE8E6400B5824B /* Build configuration list for PBXNativeTarget "GreenthingCollectionViewUITests" */;
			buildPhases = (
				99EA0C9820FE8E6400B5824B /* Sources */,
				99EA0C9920FE8E6400B5824B /* Frameworks */,
				99EA0C9A20FE8E6400B5824B /* Resources */,
			);
			buildRules = (
			);
			dependencies = (
				99EA0C9E20FE8E6400B5824B /* PBXTargetDependency */,
			);
			name = GreenthingCollectionViewUITests;
			productName = GreenthingCollectionViewUITests;
			productReference = 99EA0C9C20FE8E6400B5824B /* GreenthingCollectionViewUITests.xctest */;
			productType = "com.apple.product-type.bundle.ui-testing";
		};
/* End PBXNativeTarget section */

/* Begin PBXProject section */
		99EA0C7520FE8E6000B5824B /* Project object */ = {
			isa = PBXProject;
			attributes = {
				LastSwiftUpdateCheck = 0940;
				LastUpgradeCheck = 0940;
				ORGANIZATIONNAME = "Patrik Sjöberg";
				TargetAttributes = {
					99EA0C7C20FE8E6000B5824B = {
						CreatedOnToolsVersion = 9.4.1;
					};
					99EA0C9020FE8E6400B5824B = {
						CreatedOnToolsVersion = 9.4.1;
						TestTargetID = 99EA0C7C20FE8E6000B5824B;
					};
					99EA0C9B20FE8E6400B5824B = {
						CreatedOnToolsVersion = 9.4.1;
						TestTargetID = 99EA0C7C20FE8E6000B5824B;
					};
				};
			};
			buildConfigurationList = 99EA0C7820FE8E6000B5824B /* Build configuration list for PBXProject "GreenthingCollectionView" */;
			compatibilityVersion = "Xcode 9.3";
			developmentRegion = en;
			hasScannedForEncodings = 0;
			knownRegions = (
				en,
				Base,
			);
			mainGroup = 99EA0C7420FE8E6000B5824B;
			productRefGroup = 99EA0C7E20FE8E6000B5824B /* Products */;
			projectDirPath = "";
			projectRoot = "";
			targets = (
				99EA0C7C20FE8E6000B5824B /* GreenthingCollectionView */,
				99EA0C9020FE8E6400B5824B /* GreenthingCollectionViewTests */,
				99EA0C9B20FE8E6400B5824B /* GreenthingCollectionViewUITests */,
			);
		};
/* End PBXProject section */

/* Begin PBXResourcesBuildPhase section */
		99EA0C7B20FE8E6000B5824B /* Resources */ = {
			isa = PBXResourcesBuildPhase;
			buildActionMask = 2147483647;
			files = (
				99EA0C8B20FE8E6400B5824B /* LaunchScreen.storyboard in Resources */,
				99EA0C8820FE8E6400B5824B /* Assets.xcassets in Resources */,
				99EA0C8620FE8E6000B5824B /* Main.storyboard in Resources */,
			);
			runOnlyForDeploymentPostprocessing = 0;
		};
		99EA0C8F20FE8E6400B5824B /* Resources */ = {
			isa = PBXResourcesBuildPhase;
			buildActionMask = 2147483647;
			files = (
			);
			runOnlyForDeploymentPostprocessing = 0;
		};
		99EA0C9A20FE8E6400B5824B /* Resources */ = {
			isa = PBXResourcesBuildPhase;
			buildActionMask = 2147483647;
			files = (
			);
			runOnlyForDeploymentPostprocessing = 0;
		};
/* End PBXResourcesBuildPhase section */

/* Begin PBXSourcesBuildPhase section */
		99EA0C7920FE8E6000B5824B /* Sources */ = {
			isa = PBXSourcesBuildPhase;
			buildActionMask = 2147483647;
			files = (
				99EA0C8320FE8E6000B5824B /* ViewController.swift in Sources */,
				99EA0CAF20FE8E6D00B5824B /* GreenThingLayout.swift in Sources */,
				99EA0C8120FE8E6000B5824B /* AppDelegate.swift in Sources */,
			);
			runOnlyForDeploymentPostprocessing = 0;
		};
		99EA0C8D20FE8E6400B5824B /* Sources */ = {
			isa = PBXSourcesBuildPhase;
			buildActionMask = 2147483647;
			files = (
				99EA0C9620FE8E6400B5824B /* GreenthingCollectionViewTests.swift in Sources */,
			);
			runOnlyForDeploymentPostprocessing = 0;
		};
		99EA0C9820FE8E6400B5824B /* Sources */ = {
			isa = PBXSourcesBuildPhase;
			buildActionMask = 2147483647;
			files = (
				99EA0CA120FE8E6400B5824B /* GreenthingCollectionViewUITests.swift in Sources */,
			);
			runOnlyForDeploymentPostprocessing = 0;
		};
/* End PBXSourcesBuildPhase section */

/* Begin PBXTargetDependency section */
		99EA0C9320FE8E6400B5824B /* PBXTargetDependency */ = {
			isa = PBXTargetDependency;
			target = 99EA0C7C20FE8E6000B5824B /* GreenthingCollectionView */;
			targetProxy = 99EA0C9220FE8E6400B5824B /* PBXContainerItemProxy */;
		};
		99EA0C9E20FE8E6400B5824B /* PBXTargetDependency */ = {
			isa = PBXTargetDependency;
			target = 99EA0C7C20FE8E6000B5824B /* GreenthingCollectionView */;
			targetProxy = 99EA0C9D20FE8E6400B5824B /* PBXContainerItemProxy */;
		};
/* End PBXTargetDependency section */

/* Begin PBXVariantGroup section */
		99EA0C8420FE8E6000B5824B /* Main.storyboard */ = {
			isa = PBXVariantGroup;
			children = (
				99EA0C8520FE8E6000B5824B /* Base */,
			);
			name = Main.storyboard;
			sourceTree = "<group>";
		};
		99EA0C8920FE8E6400B5824B /* LaunchScreen.storyboard */ = {
			isa = PBXVariantGroup;
			children = (
				99EA0C8A20FE8E6400B5824B /* Base */,
			);
			name = LaunchScreen.storyboard;
			sourceTree = "<group>";
		};
/* End PBXVariantGroup section */

/* Begin XCBuildConfiguration section */
		99EA0CA320FE8E6400B5824B /* Debug */ = {
			isa = XCBuildConfiguration;
			buildSettings = {
				ALWAYS_SEARCH_USER_PATHS = NO;
				CLANG_ANALYZER_NONNULL = YES;
				CLANG_ANALYZER_NUMBER_OBJECT_CONVERSION = YES_AGGRESSIVE;
				CLANG_CXX_LANGUAGE_STANDARD = "gnu++14";
				CLANG_CXX_LIBRARY = "libc++";
				CLANG_ENABLE_MODULES = YES;
				CLANG_ENABLE_OBJC_ARC = YES;
				CLANG_ENABLE_OBJC_WEAK = YES;
				CLANG_WARN_BLOCK_CAPTURE_AUTORELEASING = YES;
				CLANG_WARN_BOOL_CONVERSION = YES;
				CLANG_WARN_COMMA = YES;
				CLANG_WARN_CONSTANT_CONVERSION = YES;
				CLANG_WARN_DEPRECATED_OBJC_IMPLEMENTATIONS = YES;
				CLANG_WARN_DIRECT_OBJC_ISA_USAGE = YES_ERROR;
				CLANG_WARN_DOCUMENTATION_COMMENTS = YES;
				CLANG_WARN_EMPTY_BODY = YES;
				CLANG_WARN_ENUM_CONVERSION = YES;
				CLANG_WARN_INFINITE_RECURSION = YES;
				CLANG_WARN_INT_CONVERSION = YES;
				CLANG_WARN_NON_LITERAL_NULL_CONVERSION = YES;
				CLANG_WARN_OBJC_IMPLICIT_RETAIN_SELF = YES;
				CLANG_WARN_OBJC_LITERAL_CONVERSION = YES;
				CLANG_WARN_OBJC_ROOT_CLASS = YES_ERROR;
				CLANG_WARN_RANGE_LOOP_ANALYSIS = YES;
				CLANG_WARN_STRICT_PROTOTYPES = YES;
				CLANG_WARN_SUSPICIOUS_MOVE = YES;
				CLANG_WARN_UNGUARDED_AVAILABILITY = YES_AGGRESSIVE;
				CLANG_WARN_UNREACHABLE_CODE = YES;
				CLANG_WARN__DUPLICATE_METHOD_MATCH = YES;
				CODE_SIGN_IDENTITY = "iPhone Developer";
				COPY_PHASE_STRIP = NO;
				DEBUG_INFORMATION_FORMAT = dwarf;
				ENABLE_STRICT_OBJC_MSGSEND = YES;
				ENABLE_TESTABILITY = YES;
				GCC_C_LANGUAGE_STANDARD = gnu11;
				GCC_DYNAMIC_NO_PIC = NO;
				GCC_NO_COMMON_BLOCKS = YES;
				GCC_OPTIMIZATION_LEVEL = 0;
				GCC_PREPROCESSOR_DEFINITIONS = (
					"DEBUG=1",
					"$(inherited)",
				);
				GCC_WARN_64_TO_32_BIT_CONVERSION = YES;
				GCC_WARN_ABOUT_RETURN_TYPE = YES_ERROR;
				GCC_WARN_UNDECLARED_SELECTOR = YES;
				GCC_WARN_UNINITIALIZED_AUTOS = YES_AGGRESSIVE;
				GCC_WARN_UNUSED_FUNCTION = YES;
				GCC_WARN_UNUSED_VARIABLE = YES;
				IPHONEOS_DEPLOYMENT_TARGET = 11.4;
				MTL_ENABLE_DEBUG_INFO = YES;
				ONLY_ACTIVE_ARCH = YES;
				SDKROOT = iphoneos;
				SWIFT_ACTIVE_COMPILATION_CONDITIONS = DEBUG;
				SWIFT_OPTIMIZATION_LEVEL = "-Onone";
			};
			name = Debug;
		};
		99EA0CA420FE8E6400B5824B /* Release */ = {
			isa = XCBuildConfiguration;
			buildSettings = {
				ALWAYS_SEARCH_USER_PATHS = NO;
				CLANG_ANALYZER_NONNULL = YES;
				CLANG_ANALYZER_NUMBER_OBJECT_CONVERSION = YES_AGGRESSIVE;
				CLANG_CXX_LANGUAGE_STANDARD = "gnu++14";
				CLANG_CXX_LIBRARY = "libc++";
				CLANG_ENABLE_MODULES = YES;
				CLANG_ENABLE_OBJC_ARC = YES;
				CLANG_ENABLE_OBJC_WEAK = YES;
				CLANG_WARN_BLOCK_CAPTURE_AUTORELEASING = YES;
				CLANG_WARN_BOOL_CONVERSION = YES;
				CLANG_WARN_COMMA = YES;
				CLANG_WARN_CONSTANT_CONVERSION = YES;
				CLANG_WARN_DEPRECATED_OBJC_IMPLEMENTATIONS = YES;
				CLANG_WARN_DIRECT_OBJC_ISA_USAGE = YES_ERROR;
				CLANG_WARN_DOCUMENTATION_COMMENTS = YES;
				CLANG_WARN_EMPTY_BODY = YES;
				CLANG_WARN_ENUM_CONVERSION = YES;
				CLANG_WARN_INFINITE_RECURSION = YES;
				CLANG_WARN_INT_CONVERSION = YES;
				CLANG_WARN_NON_LITERAL_NULL_CONVERSION = YES;
				CLANG_WARN_OBJC_IMPLICIT_RETAIN_SELF = YES;
				CLANG_WARN_OBJC_LITERAL_CONVERSION = YES;
				CLANG_WARN_OBJC_ROOT_CLASS = YES_ERROR;
				CLANG_WARN_RANGE_LOOP_ANALYSIS = YES;
				CLANG_WARN_STRICT_PROTOTYPES = YES;
				CLANG_WARN_SUSPICIOUS_MOVE = YES;
				CLANG_WARN_UNGUARDED_AVAILABILITY = YES_AGGRESSIVE;
				CLANG_WARN_UNREACHABLE_CODE = YES;
				CLANG_WARN__DUPLICATE_METHOD_MATCH = YES;
				CODE_SIGN_IDENTITY = "iPhone Developer";
				COPY_PHASE_STRIP = NO;
				DEBUG_INFORMATION_FORMAT = "dwarf-with-dsym";
				ENABLE_NS_ASSERTIONS = NO;
				ENABLE_STRICT_OBJC_MSGSEND = YES;
				GCC_C_LANGUAGE_STANDARD = gnu11;
				GCC_NO_COMMON_BLOCKS = YES;
				GCC_WARN_64_TO_32_BIT_CONVERSION = YES;
				GCC_WARN_ABOUT_RETURN_TYPE = YES_ERROR;
				GCC_WARN_UNDECLARED_SELECTOR = YES;
				GCC_WARN_UNINITIALIZED_AUTOS = YES_AGGRESSIVE;
				GCC_WARN_UNUSED_FUNCTION = YES;
				GCC_WARN_UNUSED_VARIABLE = YES;
				IPHONEOS_DEPLOYMENT_TARGET = 11.4;
				MTL_ENABLE_DEBUG_INFO = NO;
				SDKROOT = iphoneos;
				SWIFT_COMPILATION_MODE = wholemodule;
				SWIFT_OPTIMIZATION_LEVEL = "-O";
				VALIDATE_PRODUCT = YES;
			};
			name = Release;
		};
		99EA0CA620FE8E6400B5824B /* Debug */ = {
			isa = XCBuildConfiguration;
			buildSettings = {
				ASSETCATALOG_COMPILER_APPICON_NAME = AppIcon;
				CODE_SIGN_STYLE = Automatic;
				DEVELOPMENT_TEAM = 78C48483MX;
				INFOPLIST_FILE = GreenthingCollectionView/Info.plist;
				LD_RUNPATH_SEARCH_PATHS = (
					"$(inherited)",
					"@executable_path/Frameworks",
				);
				PRODUCT_BUNDLE_IDENTIFIER = net.voxar.GreenthingCollectionView;
				PRODUCT_NAME = "$(TARGET_NAME)";
				SWIFT_VERSION = 4.0;
				TARGETED_DEVICE_FAMILY = "1,2";
			};
			name = Debug;
		};
		99EA0CA720FE8E6400B5824B /* Release */ = {
			isa = XCBuildConfiguration;
			buildSettings = {
				ASSETCATALOG_COMPILER_APPICON_NAME = AppIcon;
				CODE_SIGN_STYLE = Automatic;
				DEVELOPMENT_TEAM = 78C48483MX;
				INFOPLIST_FILE = GreenthingCollectionView/Info.plist;
				LD_RUNPATH_SEARCH_PATHS = (
					"$(inherited)",
					"@executable_path/Frameworks",
				);
				PRODUCT_BUNDLE_IDENTIFIER = net.voxar.GreenthingCollectionView;
				PRODUCT_NAME = "$(TARGET_NAME)";
				SWIFT_VERSION = 4.0;
				TARGETED_DEVICE_FAMILY = "1,2";
			};
			name = Release;
		};
		99EA0CA920FE8E6400B5824B /* Debug */ = {
			isa = XCBuildConfiguration;
			buildSettings = {
				ALWAYS_EMBED_SWIFT_STANDARD_LIBRARIES = YES;
				BUNDLE_LOADER = "$(TEST_HOST)";
				CODE_SIGN_STYLE = Automatic;
				DEVELOPMENT_TEAM = 78C48483MX;
				INFOPLIST_FILE = GreenthingCollectionViewTests/Info.plist;
				LD_RUNPATH_SEARCH_PATHS = (
					"$(inherited)",
					"@executable_path/Frameworks",
					"@loader_path/Frameworks",
				);
				PRODUCT_BUNDLE_IDENTIFIER = net.voxar.GreenthingCollectionViewTests;
				PRODUCT_NAME = "$(TARGET_NAME)";
				SWIFT_VERSION = 4.0;
				TARGETED_DEVICE_FAMILY = "1,2";
				TEST_HOST = "$(BUILT_PRODUCTS_DIR)/GreenthingCollectionView.app/GreenthingCollectionView";
			};
			name = Debug;
		};
		99EA0CAA20FE8E6400B5824B /* Release */ = {
			isa = XCBuildConfiguration;
			buildSettings = {
				ALWAYS_EMBED_SWIFT_STANDARD_LIBRARIES = YES;
				BUNDLE_LOADER = "$(TEST_HOST)";
				CODE_SIGN_STYLE = Automatic;
				DEVELOPMENT_TEAM = 78C48483MX;
				INFOPLIST_FILE = GreenthingCollectionViewTests/Info.plist;
				LD_RUNPATH_SEARCH_PATHS = (
					"$(inherited)",
					"@executable_path/Frameworks",
					"@loader_path/Frameworks",
				);
				PRODUCT_BUNDLE_IDENTIFIER = net.voxar.GreenthingCollectionViewTests;
				PRODUCT_NAME = "$(TARGET_NAME)";
				SWIFT_VERSION = 4.0;
				TARGETED_DEVICE_FAMILY = "1,2";
				TEST_HOST = "$(BUILT_PRODUCTS_DIR)/GreenthingCollectionView.app/GreenthingCollectionView";
			};
			name = Release;
		};
		99EA0CAC20FE8E6400B5824B /* Debug */ = {
			isa = XCBuildConfiguration;
			buildSettings = {
				ALWAYS_EMBED_SWIFT_STANDARD_LIBRARIES = YES;
				CODE_SIGN_STYLE = Automatic;
				DEVELOPMENT_TEAM = 78C48483MX;
				INFOPLIST_FILE = GreenthingCollectionViewUITests/Info.plist;
				LD_RUNPATH_SEARCH_PATHS = (
					"$(inherited)",
					"@executable_path/Frameworks",
					"@loader_path/Frameworks",
				);
				PRODUCT_BUNDLE_IDENTIFIER = net.voxar.GreenthingCollectionViewUITests;
				PRODUCT_NAME = "$(TARGET_NAME)";
				SWIFT_VERSION = 4.0;
				TARGETED_DEVICE_FAMILY = "1,2";
				TEST_TARGET_NAME = GreenthingCollectionView;
			};
			name = Debug;
		};
		99EA0CAD20FE8E6400B5824B /* Release */ = {
			isa = XCBuildConfiguration;
			buildSettings = {
				ALWAYS_EMBED_SWIFT_STANDARD_LIBRARIES = YES;
				CODE_SIGN_STYLE = Automatic;
				DEVELOPMENT_TEAM = 78C48483MX;
				INFOPLIST_FILE = GreenthingCollectionViewUITests/Info.plist;
				LD_RUNPATH_SEARCH_PATHS = (
					"$(inherited)",
					"@executable_path/Frameworks",
					"@loader_path/Frameworks",
				);
				PRODUCT_BUNDLE_IDENTIFIER = net.voxar.GreenthingCollectionViewUITests;
				PRODUCT_NAME = "$(TARGET_NAME)";
				SWIFT_VERSION = 4.0;
				TARGETED_DEVICE_FAMILY = "1,2";
				TEST_TARGET_NAME = GreenthingCollectionView;
			};
			name = Release;
		};
/* End XCBuildConfiguration section */

/* Begin XCConfigurationList section */
		99EA0C7820FE8E6000B5824B /* Build configuration list for PBXProject "GreenthingCollectionView" */ = {
			isa = XCConfigurationList;
			buildConfigurations = (
				99EA0CA320FE8E6400B5824B /* Debug */,
				99EA0CA420FE8E6400B5824B /* Release */,
			);
			defaultConfigurationIsVisible = 0;
			defaultConfigurationName = Release;
		};
		99EA0CA520FE8E6400B5824B /* Build configuration list for PBXNativeTarget "GreenthingCollectionView" */ = {
			isa = XCConfigurationList;
			buildConfigurations = (
				99EA0CA620FE8E6400B5824B /* Debug */,
				99EA0CA720FE8E6400B5824B /* Release */,
			);
			defaultConfigurationIsVisible = 0;
			defaultConfigurationName = Release;
		};
		99EA0CA820FE8E6400B5824B /* Build configuration list for PBXNativeTarget "GreenthingCollectionViewTests" */ = {
			isa = XCConfigurationList;
			buildConfigurations = (
				99EA0CA920FE8E6400B5824B /* Debug */,
				99EA0CAA20FE8E6400B5824B /* Release */,
			);
			defaultConfigurationIsVisible = 0;
			defaultConfigurationName = Release;
		};
		99EA0CAB20FE8E6400B5824B /* Build configuration list for PBXNativeTarget "GreenthingCollectionViewUITests" */ = {
			isa = XCConfigurationList;
			buildConfigurations = (
				99EA0CAC20FE8E6400B5824B /* Debug */,
				99EA0CAD20FE8E6400B5824B /* Release */,
			);
			defaultConfigurationIsVisible = 0;
			defaultConfigurationName = Release;
		};
/* End XCConfigurationList section */
	};
	rootObject = 99EA0C7520FE8E6000B5824B /* Project object */;
}
